
Microsoft Visual Studio Solution File, Format Version 12.00
# Visual Studio Version 16
VisualStudioVersion = 16.0.34031.81
MinimumVisualStudioVersion = 10.0.40219.1
Project("{FAE04EC0-301F-11D3-BF4B-00C04F79EFBC}") = "P2P_Final_v0.001", "P2P_Final_v0.001.csproj", "{DCCEA449-C176-4203-853F-E1C4F67CC314}"
EndProject
Global
	GlobalSection(SolutionConfigurationPlatforms) = preSolution
		Debug|Any CPU = Debug|Any CPU
		Release|Any CPU = Release|Any CPU
	EndGlobalSection
	GlobalSection(ProjectConfigurationPlatforms) = postSolution
		{DCCEA449-C176-4203-853F-E1C4F67CC314}.Debug|Any CPU.ActiveCfg = Debug|Any CPU
		{DCCEA449-C176-4203-853F-E1C4F67CC314}.Debug|Any CPU.Build.0 = Debug|Any CPU
		{DCCEA449-C176-4203-853F-E1C4F67CC314}.Release|Any CPU.ActiveCfg = Release|Any CPU
		{DCCEA449-C176-4203-853F-E1C4F67CC314}.Release|Any CPU.Build.0 = Release|Any CPU
	EndGlobalSection
	GlobalSection(SolutionProperties) = preSolution
		HideSolutionNode = FALSE
	EndGlobalSection
	GlobalSection(ExtensibilityGlobals) = postSolution
		SolutionGuid = {4ECB1369-70BD-4E63-B812-2EA9F3AEE9E8}
	EndGlobalSection
EndGlobal
